// !$*UTF8*$!
{
	archiveVersion = 1;
	classes = {
	};
	objectVersion = 52;
	objects = {

/* Begin PBXBuildFile section */
		FA7CB9B02629DCDE0056558E /* AppDelegate.swift in Sources */ = {isa = PBXBuildFile; fileRef = FA7CB9AF2629DCDE0056558E /* AppDelegate.swift */; };
		FA7CB9B22629DCDE0056558E /* SceneDelegate.swift in Sources */ = {isa = PBXBuildFile; fileRef = FA7CB9B12629DCDE0056558E /* SceneDelegate.swift */; };
		FA7CB9B42629DCDE0056558E /* ContentView.swift in Sources */ = {isa = PBXBuildFile; fileRef = FA7CB9B32629DCDE0056558E /* ContentView.swift */; };
		FA7CB9B72629DCDE0056558E /* SportAPI.xcdatamodeld in Sources */ = {isa = PBXBuildFile; fileRef = FA7CB9B52629DCDE0056558E /* SportAPI.xcdatamodeld */; };
		FA7CB9B92629DCE10056558E /* Assets.xcassets in Resources */ = {isa = PBXBuildFile; fileRef = FA7CB9B82629DCE10056558E /* Assets.xcassets */; };
		FA7CB9BC2629DCE10056558E /* Preview Assets.xcassets in Resources */ = {isa = PBXBuildFile; fileRef = FA7CB9BB2629DCE10056558E /* Preview Assets.xcassets */; };
		FA7CB9BF2629DCE10056558E /* LaunchScreen.storyboard in Resources */ = {isa = PBXBuildFile; fileRef = FA7CB9BD2629DCE10056558E /* LaunchScreen.storyboard */; };
		FA7CB9C92629DE350056558E /* SDWebImageSwiftUI in Frameworks */ = {isa = PBXBuildFile; productRef = FA7CB9C82629DE350056558E /* SDWebImageSwiftUI */; };
		FA7CB9CD2629DE980056558E /* SwiftyJSON in Frameworks */ = {isa = PBXBuildFile; productRef = FA7CB9CC2629DE980056558E /* SwiftyJSON */; };
		FAE3631C262D2B76009DB16F /* Sport.swift in Sources */ = {isa = PBXBuildFile; fileRef = FAE3631B262D2B76009DB16F /* Sport.swift */; };
		FAE3631F262D2B8E009DB16F /* SportViewModel.swift in Sources */ = {isa = PBXBuildFile; fileRef = FAE3631E262D2B8E009DB16F /* SportViewModel.swift */; };
		FAE36322262D2BA9009DB16F /* SportList.swift in Sources */ = {isa = PBXBuildFile; fileRef = FAE36321262D2BA9009DB16F /* SportList.swift */; };
		FAE36325262D2BB6009DB16F /* SportDetail.swift in Sources */ = {isa = PBXBuildFile; fileRef = FAE36324262D2BB6009DB16F /* SportDetail.swift */; };
		FAE36328262D2BC0009DB16F /* Profile.swift in Sources */ = {isa = PBXBuildFile; fileRef = FAE36327262D2BC0009DB16F /* Profile.swift */; };
/* End PBXBuildFile section */

/* Begin PBXFileReference section */
		FA7CB9AC2629DCDE0056558E /* SportAPI.app */ = {isa = PBXFileReference; explicitFileType = wrapper.application; includeInIndex = 0; path = SportAPI.app; sourceTree = BUILT_PRODUCTS_DIR; };
		FA7CB9AF2629DCDE0056558E /* AppDelegate.swift */ = {isa = PBXFileReference; lastKnownFileType = sourcecode.swift; path = AppDelegate.swift; sourceTree = "<group>"; };
		FA7CB9B12629DCDE0056558E /* SceneDelegate.swift */ = {isa = PBXFileReference; lastKnownFileType = sourcecode.swift; path = SceneDelegate.swift; sourceTree = "<group>"; };
		FA7CB9B32629DCDE0056558E /* ContentView.swift */ = {isa = PBXFileReference; lastKnownFileType = sourcecode.swift; path = ContentView.swift; sourceTree = "<group>"; };
		FA7CB9B62629DCDE0056558E /* SportAPI.xcdatamodel */ = {isa = PBXFileReference; lastKnownFileType = wrapper.xcdatamodel; path = SportAPI.xcdatamodel; sourceTree = "<group>"; };
		FA7CB9B82629DCE10056558E /* Assets.xcassets */ = {isa = PBXFileReference; lastKnownFileType = folder.assetcatalog; path = Assets.xcassets; sourceTree = "<group>"; };
		FA7CB9BB2629DCE10056558E /* Preview Assets.xcassets */ = {isa = PBXFileReference; lastKnownFileType = folder.assetcatalog; path = "Preview Assets.xcassets"; sourceTree = "<group>"; };
		FA7CB9BE2629DCE10056558E /* Base */ = {isa = PBXFileReference; lastKnownFileType = file.storyboard; name = Base; path = Base.lproj/LaunchScreen.storyboard; sourceTree = "<group>"; };
		FA7CB9C02629DCE10056558E /* Info.plist */ = {isa = PBXFileReference; lastKnownFileType = text.plist.xml; path = Info.plist; sourceTree = "<group>"; };
		FAE3631B262D2B76009DB16F /* Sport.swift */ = {isa = PBXFileReference; lastKnownFileType = sourcecode.swift; path = Sport.swift; sourceTree = "<group>"; };
		FAE3631E262D2B8E009DB16F /* SportViewModel.swift */ = {isa = PBXFileReference; lastKnownFileType = sourcecode.swift; path = SportViewModel.swift; sourceTree = "<group>"; };
		FAE36321262D2BA9009DB16F /* SportList.swift */ = {isa = PBXFileReference; lastKnownFileType = sourcecode.swift; path = SportList.swift; sourceTree = "<group>"; };
		FAE36324262D2BB6009DB16F /* SportDetail.swift */ = {isa = PBXFileReference; lastKnownFileType = sourcecode.swift; path = SportDetail.swift; sourceTree = "<group>"; };
		FAE36327262D2BC0009DB16F /* Profile.swift */ = {isa = PBXFileReference; lastKnownFileType = sourcecode.swift; path = Profile.swift; sourceTree = "<group>"; };
/* End PBXFileReference section */

/* Begin PBXFrameworksBuildPhase section */
		FA7CB9A92629DCDE0056558E /* Frameworks */ = {
			isa = PBXFrameworksBuildPhase;
			buildActionMask = 2147483647;
			files = (
				FA7CB9CD2629DE980056558E /* SwiftyJSON in Frameworks */,
				FA7CB9C92629DE350056558E /* SDWebImageSwiftUI in Frameworks */,
			);
			runOnlyForDeploymentPostprocessing = 0;
		};
/* End PBXFrameworksBuildPhase section */

/* Begin PBXGroup section */
		FA7CB9A32629DCDE0056558E = {
			isa = PBXGroup;
			children = (
				FA7CB9AE2629DCDE0056558E /* SportAPI */,
				FA7CB9AD2629DCDE0056558E /* Products */,
			);
			sourceTree = "<group>";
		};
		FA7CB9AD2629DCDE0056558E /* Products */ = {
			isa = PBXGroup;
			children = (
				FA7CB9AC2629DCDE0056558E /* SportAPI.app */,
			);
			name = Products;
			sourceTree = "<group>";
		};
		FA7CB9AE2629DCDE0056558E /* SportAPI */ = {
			isa = PBXGroup;
			children = (
				FAE3631A262D2B5A009DB16F /* Model */,
				FAE36319262D2B49009DB16F /* ViewModel */,
				FAE36318262D2B40009DB16F /* View */,
				FA7CB9AF2629DCDE0056558E /* AppDelegate.swift */,
				FA7CB9B12629DCDE0056558E /* SceneDelegate.swift */,
				FA7CB9B82629DCE10056558E /* Assets.xcassets */,
				FA7CB9BD2629DCE10056558E /* LaunchScreen.storyboard */,
				FA7CB9C02629DCE10056558E /* Info.plist */,
				FA7CB9B52629DCDE0056558E /* SportAPI.xcdatamodeld */,
				FA7CB9BA2629DCE10056558E /* Preview Content */,
			);
			path = SportAPI;
			sourceTree = "<group>";
		};
		FA7CB9BA2629DCE10056558E /* Preview Content */ = {
			isa = PBXGroup;
			children = (
				FA7CB9BB2629DCE10056558E /* Preview Assets.xcassets */,
			);
			path = "Preview Content";
			sourceTree = "<group>";
		};
		FAE36318262D2B40009DB16F /* View */ = {
			isa = PBXGroup;
			children = (
				FA7CB9B32629DCDE0056558E /* ContentView.swift */,
				FAE36321262D2BA9009DB16F /* SportList.swift */,
				FAE36324262D2BB6009DB16F /* SportDetail.swift */,
				FAE36327262D2BC0009DB16F /* Profile.swift */,
			);
			path = View;
			sourceTree = "<group>";
		};
		FAE36319262D2B49009DB16F /* ViewModel */ = {
			isa = PBXGroup;
			children = (
				FAE3631E262D2B8E009DB16F /* SportViewModel.swift */,
			);
			path = ViewModel;
			sourceTree = "<group>";
		};
		FAE3631A262D2B5A009DB16F /* Model */ = {
			isa = PBXGroup;
			children = (
				FAE3631B262D2B76009DB16F /* Sport.swift */,
			);
			path = Model;
			sourceTree = "<group>";
		};
/* End PBXGroup section */

/* Begin PBXNativeTarget section */
		FA7CB9AB2629DCDE0056558E /* SportAPI */ = {
			isa = PBXNativeTarget;
			buildConfigurationList = FA7CB9C32629DCE10056558E /* Build configuration list for PBXNativeTarget "SportAPI" */;
			buildPhases = (
				FA7CB9A82629DCDE0056558E /* Sources */,
				FA7CB9A92629DCDE0056558E /* Frameworks */,
				FA7CB9AA2629DCDE0056558E /* Resources */,
			);
			buildRules = (
			);
			dependencies = (
			);
			name = SportAPI;
			packageProductDependencies = (
				FA7CB9C82629DE350056558E /* SDWebImageSwiftUI */,
				FA7CB9CC2629DE980056558E /* SwiftyJSON */,
			);
			productName = SportAPI;
			productReference = FA7CB9AC2629DCDE0056558E /* SportAPI.app */;
			productType = "com.apple.product-type.application";
		};
/* End PBXNativeTarget section */

/* Begin PBXProject section */
		FA7CB9A42629DCDE0056558E /* Project object */ = {
			isa = PBXProject;
			attributes = {
				LastSwiftUpdateCheck = 1210;
				LastUpgradeCheck = 1210;
				TargetAttributes = {
					FA7CB9AB2629DCDE0056558E = {
						CreatedOnToolsVersion = 12.1;
					};
				};
			};
			buildConfigurationList = FA7CB9A72629DCDE0056558E /* Build configuration list for PBXProject "SportAPI" */;
			compatibilityVersion = "Xcode 9.3";
			developmentRegion = en;
			hasScannedForEncodings = 0;
			knownRegions = (
				en,
				Base,
			);
			mainGroup = FA7CB9A32629DCDE0056558E;
			packageReferences = (
				FA7CB9C72629DE350056558E /* XCRemoteSwiftPackageReference "SDWebImageSwiftUI" */,
				FA7CB9CB2629DE980056558E /* XCRemoteSwiftPackageReference "SwiftyJSON" */,
			);
			productRefGroup = FA7CB9AD2629DCDE0056558E /* Products */;
			projectDirPath = "";
			projectRoot = "";
			targets = (
				FA7CB9AB2629DCDE0056558E /* SportAPI */,
			);
		};
/* End PBXProject section */

/* Begin PBXResourcesBuildPhase section */
		FA7CB9AA2629DCDE0056558E /* Resources */ = {
			isa = PBXResourcesBuildPhase;
			buildActionMask = 2147483647;
			files = (
				FA7CB9BF2629DCE10056558E /* LaunchScreen.storyboard in Resources */,
				FA7CB9BC2629DCE10056558E /* Preview Assets.xcassets in Resources */,
				FA7CB9B92629DCE10056558E /* Assets.xcassets in Resources */,
			);
			runOnlyForDeploymentPostprocessing = 0;
		};
/* End PBXResourcesBuildPhase section */

/* Begin PBXSourcesBuildPhase section */
		FA7CB9A82629DCDE0056558E /* Sources */ = {
			isa = PBXSourcesBuildPhase;
			buildActionMask = 2147483647;
			files = (
				FAE3631C262D2B76009DB16F /* Sport.swift in Sources */,
				FAE36322262D2BA9009DB16F /* SportList.swift in Sources */,
				FA7CB9B02629DCDE0056558E /* AppDelegate.swift in Sources */,
				FA7CB9B22629DCDE0056558E /* SceneDelegate.swift in Sources */,
				FAE3631F262D2B8E009DB16F /* SportViewModel.swift in Sources */,
				FA7CB9B42629DCDE0056558E /* ContentView.swift in Sources */,
				FA7CB9B72629DCDE0056558E /* SportAPI.xcdatamodeld in Sources */,
				FAE36328262D2BC0009DB16F /* Profile.swift in Sources */,
				FAE36325262D2BB6009DB16F /* SportDetail.swift in Sources */,
			);
			runOnlyForDeploymentPostprocessing = 0;
		};
/* End PBXSourcesBuildPhase section */

/* Begin PBXVariantGroup section */
		FA7CB9BD2629DCE10056558E /* LaunchScreen.storyboard */ = {
			isa = PBXVariantGroup;
			children = (
				FA7CB9BE2629DCE10056558E /* Base */,
			);
			name = LaunchScreen.storyboard;
			sourceTree = "<group>";
		};
/* End PBXVariantGroup section */

/* Begin XCBuildConfiguration section */
		FA7CB9C12629DCE10056558E /* Debug */ = {
			isa = XCBuildConfiguration;
			buildSettings = {
				ALWAYS_SEARCH_USER_PATHS = NO;
				CLANG_ANALYZER_NONNULL = YES;
				CLANG_ANALYZER_NUMBER_OBJECT_CONVERSION = YES_AGGRESSIVE;
				CLANG_CXX_LANGUAGE_STANDARD = "gnu++14";
				CLANG_CXX_LIBRARY = "libc++";
				CLANG_ENABLE_MODULES = YES;
				CLANG_ENABLE_OBJC_ARC = YES;
				CLANG_ENABLE_OBJC_WEAK = YES;
				CLANG_WARN_BLOCK_CAPTURE_AUTORELEASING = YES;
				CLANG_WARN_BOOL_CONVERSION = YES;
				CLANG_WARN_COMMA = YES;
				CLANG_WARN_CONSTANT_CONVERSION = YES;
				CLANG_WARN_DEPRECATED_OBJC_IMPLEMENTATIONS = YES;
				CLANG_WARN_DIRECT_OBJC_ISA_USAGE = YES_ERROR;
				CLANG_WARN_DOCUMENTATION_COMMENTS = YES;
				CLANG_WARN_EMPTY_BODY = YES;
				CLANG_WARN_ENUM_CONVERSION = YES;
				CLANG_WARN_INFINITE_RECURSION = YES;
				CLANG_WARN_INT_CONVERSION = YES;
				CLANG_WARN_NON_LITERAL_NULL_CONVERSION = YES;
				CLANG_WARN_OBJC_IMPLICIT_RETAIN_SELF = YES;
				CLANG_WARN_OBJC_LITERAL_CONVERSION = YES;
				CLANG_WARN_OBJC_ROOT_CLASS = YES_ERROR;
				CLANG_WARN_QUOTED_INCLUDE_IN_FRAMEWORK_HEADER = YES;
				CLANG_WARN_RANGE_LOOP_ANALYSIS = YES;
				CLANG_WARN_STRICT_PROTOTYPES = YES;
				CLANG_WARN_SUSPICIOUS_MOVE = YES;
				CLANG_WARN_UNGUARDED_AVAILABILITY = YES_AGGRESSIVE;
				CLANG_WARN_UNREACHABLE_CODE = YES;
				CLANG_WARN__DUPLICATE_METHOD_MATCH = YES;
				COPY_PHASE_STRIP = NO;
				DEBUG_INFORMATION_FORMAT = dwarf;
				ENABLE_STRICT_OBJC_MSGSEND = YES;
				ENABLE_TESTABILITY = YES;
				GCC_C_LANGUAGE_STANDARD = gnu11;
				GCC_DYNAMIC_NO_PIC = NO;
				GCC_NO_COMMON_BLOCKS = YES;
				GCC_OPTIMIZATION_LEVEL = 0;
				GCC_PREPROCESSOR_DEFINITIONS = (
					"DEBUG=1",
					"$(inherited)",
				);
				GCC_WARN_64_TO_32_BIT_CONVERSION = YES;
				GCC_WARN_ABOUT_RETURN_TYPE = YES_ERROR;
				GCC_WARN_UNDECLARED_SELECTOR = YES;
				GCC_WARN_UNINITIALIZED_AUTOS = YES_AGGRESSIVE;
				GCC_WARN_UNUSED_FUNCTION = YES;
				GCC_WARN_UNUSED_VARIABLE = YES;
				IPHONEOS_DEPLOYMENT_TARGET = 14.1;
				MTL_ENABLE_DEBUG_INFO = INCLUDE_SOURCE;
				MTL_FAST_MATH = YES;
				ONLY_ACTIVE_ARCH = YES;
				SDKROOT = iphoneos;
				SWIFT_ACTIVE_COMPILATION_CONDITIONS = DEBUG;
				SWIFT_OPTIMIZATION_LEVEL = "-Onone";
			};
			name = Debug;
		};
		FA7CB9C22629DCE10056558E /* Release */ = {
			isa = XCBuildConfiguration;
			buildSettings = {
				ALWAYS_SEARCH_USER_PATHS = NO;
				CLANG_ANALYZER_NONNULL = YES;
				CLANG_ANALYZER_NUMBER_OBJECT_CONVERSION = YES_AGGRESSIVE;
				CLANG_CXX_LANGUAGE_STANDARD = "gnu++14";
				CLANG_CXX_LIBRARY = "libc++";
				CLANG_ENABLE_MODULES = YES;
				CLANG_ENABLE_OBJC_ARC = YES;
				CLANG_ENABLE_OBJC_WEAK = YES;
				CLANG_WARN_BLOCK_CAPTURE_AUTORELEASING = YES;
				CLANG_WARN_BOOL_CONVERSION = YES;
				CLANG_WARN_COMMA = YES;
				CLANG_WARN_CONSTANT_CONVERSION = YES;
				CLANG_WARN_DEPRECATED_OBJC_IMPLEMENTATIONS = YES;
				CLANG_WARN_DIRECT_OBJC_ISA_USAGE = YES_ERROR;
				CLANG_WARN_DOCUMENTATION_COMMENTS = YES;
				CLANG_WARN_EMPTY_BODY = YES;
				CLANG_WARN_ENUM_CONVERSION = YES;
				CLANG_WARN_INFINITE_RECURSION = YES;
				CLANG_WARN_INT_CONVERSION = YES;
				CLANG_WARN_NON_LITERAL_NULL_CONVERSION = YES;
				CLANG_WARN_OBJC_IMPLICIT_RETAIN_SELF = YES;
				CLANG_WARN_OBJC_LITERAL_CONVERSION = YES;
				CLANG_WARN_OBJC_ROOT_CLASS = YES_ERROR;
				CLANG_WARN_QUOTED_INCLUDE_IN_FRAMEWORK_HEADER = YES;
				CLANG_WARN_RANGE_LOOP_ANALYSIS = YES;
				CLANG_WARN_STRICT_PROTOTYPES = YES;
				CLANG_WARN_SUSPICIOUS_MOVE = YES;
				CLANG_WARN_UNGUARDED_AVAILABILITY = YES_AGGRESSIVE;
				CLANG_WARN_UNREACHABLE_CODE = YES;
				CLANG_WARN__DUPLICATE_METHOD_MATCH = YES;
				COPY_PHASE_STRIP = NO;
				DEBUG_INFORMATION_FORMAT = "dwarf-with-dsym";
				ENABLE_NS_ASSERTIONS = NO;
				ENABLE_STRICT_OBJC_MSGSEND = YES;
				GCC_C_LANGUAGE_STANDARD = gnu11;
				GCC_NO_COMMON_BLOCKS = YES;
				GCC_WARN_64_TO_32_BIT_CONVERSION = YES;
				GCC_WARN_ABOUT_RETURN_TYPE = YES_ERROR;
				GCC_WARN_UNDECLARED_SELECTOR = YES;
				GCC_WARN_UNINITIALIZED_AUTOS = YES_AGGRESSIVE;
				GCC_WARN_UNUSED_FUNCTION = YES;
				GCC_WARN_UNUSED_VARIABLE = YES;
				IPHONEOS_DEPLOYMENT_TARGET = 14.1;
				MTL_ENABLE_DEBUG_INFO = NO;
				MTL_FAST_MATH = YES;
				SDKROOT = iphoneos;
				SWIFT_COMPILATION_MODE = wholemodule;
				SWIFT_OPTIMIZATION_LEVEL = "-O";
				VALIDATE_PRODUCT = YES;
			};
			name = Release;
		};
		FA7CB9C42629DCE10056558E /* Debug */ = {
			isa = XCBuildConfiguration;
			buildSettings = {
				ASSETCATALOG_COMPILER_APPICON_NAME = AppIcon;
				ASSETCATALOG_COMPILER_GLOBAL_ACCENT_COLOR_NAME = AccentColor;
				CODE_SIGN_STYLE = Automatic;
				DEVELOPMENT_ASSET_PATHS = "\"SportAPI/Preview Content\"";
				DEVELOPMENT_TEAM = AN5W2J2N2K;
				ENABLE_PREVIEWS = YES;
				INFOPLIST_FILE = SportAPI/Info.plist;
				LD_RUNPATH_SEARCH_PATHS = (
					"$(inherited)",
					"@executable_path/Frameworks",
				);
				PRODUCT_BUNDLE_IDENTIFIER = com.ahmadverel.SportAPI;
				PRODUCT_NAME = "$(TARGET_NAME)";
				SWIFT_VERSION = 5.0;
				TARGETED_DEVICE_FAMILY = "1,2";
			};
			name = Debug;
		};
		FA7CB9C52629DCE10056558E /* Release */ = {
			isa = XCBuildConfiguration;
			buildSettings = {
				ASSETCATALOG_COMPILER_APPICON_NAME = AppIcon;
				ASSETCATALOG_COMPILER_GLOBAL_ACCENT_COLOR_NAME = AccentColor;
				CODE_SIGN_STYLE = Automatic;
				DEVELOPMENT_ASSET_PATHS = "\"SportAPI/Preview Content\"";
				DEVELOPMENT_TEAM = AN5W2J2N2K;
				ENABLE_PREVIEWS = YES;
				INFOPLIST_FILE = SportAPI/Info.plist;
				LD_RUNPATH_SEARCH_PATHS = (
					"$(inherited)",
					"@executable_path/Frameworks",
				);
				PRODUCT_BUNDLE_IDENTIFIER = com.ahmadverel.SportAPI;
				PRODUCT_NAME = "$(TARGET_NAME)";
				SWIFT_VERSION = 5.0;
				TARGETED_DEVICE_FAMILY = "1,2";
			};
			name = Release;
		};
/* End XCBuildConfiguration section */

/* Begin XCConfigurationList section */
		FA7CB9A72629DCDE0056558E /* Build configuration list for PBXProject "SportAPI" */ = {
			isa = XCConfigurationList;
			buildConfigurations = (
				FA7CB9C12629DCE10056558E /* Debug */,
				FA7CB9C22629DCE10056558E /* Release */,
			);
			defaultConfigurationIsVisible = 0;
			defaultConfigurationName = Release;
		};
		FA7CB9C32629DCE10056558E /* Build configuration list for PBXNativeTarget "SportAPI" */ = {
			isa = XCConfigurationList;
			buildConfigurations = (
				FA7CB9C42629DCE10056558E /* Debug */,
				FA7CB9C52629DCE10056558E /* Release */,
			);
			defaultConfigurationIsVisible = 0;
			defaultConfigurationName = Release;
		};
/* End XCConfigurationList section */

/* Begin XCRemoteSwiftPackageReference section */
		FA7CB9C72629DE350056558E /* XCRemoteSwiftPackageReference "SDWebImageSwiftUI" */ = {
			isa = XCRemoteSwiftPackageReference;
			repositoryURL = "https://github.com/SDWebImage/SDWebImageSwiftUI";
			requirement = {
				kind = upToNextMajorVersion;
				minimumVersion = 2.0.2;
			};
		};
		FA7CB9CB2629DE980056558E /* XCRemoteSwiftPackageReference "SwiftyJSON" */ = {
			isa = XCRemoteSwiftPackageReference;
			repositoryURL = "https://github.com/SwiftyJSON/SwiftyJSON";
			requirement = {
				kind = upToNextMajorVersion;
				minimumVersion = 5.0.1;
			};
		};
/* End XCRemoteSwiftPackageReference section */

/* Begin XCSwiftPackageProductDependency section */
		FA7CB9C82629DE350056558E /* SDWebImageSwiftUI */ = {
			isa = XCSwiftPackageProductDependency;
			package = FA7CB9C72629DE350056558E /* XCRemoteSwiftPackageReference "SDWebImageSwiftUI" */;
			productName = SDWebImageSwiftUI;
		};
		FA7CB9CC2629DE980056558E /* SwiftyJSON */ = {
			isa = XCSwiftPackageProductDependency;
			package = FA7CB9CB2629DE980056558E /* XCRemoteSwiftPackageReference "SwiftyJSON" */;
			productName = SwiftyJSON;
		};
/* End XCSwiftPackageProductDependency section */

/* Begin XCVersionGroup section */
		FA7CB9B52629DCDE0056558E /* SportAPI.xcdatamodeld */ = {
			isa = XCVersionGroup;
			children = (
				FA7CB9B62629DCDE0056558E /* SportAPI.xcdatamodel */,
			);
			currentVersion = FA7CB9B62629DCDE0056558E /* SportAPI.xcdatamodel */;
			path = SportAPI.xcdatamodeld;
			sourceTree = "<group>";
			versionGroupType = wrapper.xcdatamodel;
		};
/* End XCVersionGroup section */
	};
	rootObject = FA7CB9A42629DCDE0056558E /* Project object */;
}
